// !$*UTF8*$!
{
	archiveVersion = 1;
	classes = {
	};
	objectVersion = 50;
	objects = {

/* Begin PBXBuildFile section */
		9B90F95A2451B9B40051A882 /* AppDelegate.swift in Sources */ = {isa = PBXBuildFile; fileRef = 9B90F9592451B9B40051A882 /* AppDelegate.swift */; };
		9B90F95C2451B9B40051A882 /* SceneDelegate.swift in Sources */ = {isa = PBXBuildFile; fileRef = 9B90F95B2451B9B40051A882 /* SceneDelegate.swift */; };
		9B90F95E2451B9B40051A882 /* ViewController.swift in Sources */ = {isa = PBXBuildFile; fileRef = 9B90F95D2451B9B40051A882 /* ViewController.swift */; };
		9B90F9612451B9B40051A882 /* Main.storyboard in Resources */ = {isa = PBXBuildFile; fileRef = 9B90F95F2451B9B40051A882 /* Main.storyboard */; };
		9B90F9632451B9B80051A882 /* Assets.xcassets in Resources */ = {isa = PBXBuildFile; fileRef = 9B90F9622451B9B80051A882 /* Assets.xcassets */; };
		9B90F9662451B9B80051A882 /* LaunchScreen.storyboard in Resources */ = {isa = PBXBuildFile; fileRef = 9B90F9642451B9B80051A882 /* LaunchScreen.storyboard */; };
		9B90F9712451B9B80051A882 /* PolynomialRegressionCalcTests.swift in Sources */ = {isa = PBXBuildFile; fileRef = 9B90F9702451B9B80051A882 /* PolynomialRegressionCalcTests.swift */; };
		9B90F97C2451B9E80051A882 /* PolynomialRegressionCalculator.swift in Sources */ = {isa = PBXBuildFile; fileRef = 9B90F97B2451B9E80051A882 /* PolynomialRegressionCalculator.swift */; };
/* End PBXBuildFile section */

/* Begin PBXContainerItemProxy section */
		9B90F96D2451B9B80051A882 /* PBXContainerItemProxy */ = {
			isa = PBXContainerItemProxy;
			containerPortal = 9B90F94E2451B9B40051A882 /* Project object */;
			proxyType = 1;
			remoteGlobalIDString = 9B90F9552451B9B40051A882;
			remoteInfo = PolynomialRegressionCalc;
		};
/* End PBXContainerItemProxy section */

/* Begin PBXFileReference section */
		9B90F9562451B9B40051A882 /* PolynomialRegressionCalc.app */ = {isa = PBXFileReference; explicitFileType = wrapper.application; includeInIndex = 0; path = PolynomialRegressionCalc.app; sourceTree = BUILT_PRODUCTS_DIR; };
		9B90F9592451B9B40051A882 /* AppDelegate.swift */ = {isa = PBXFileReference; lastKnownFileType = sourcecode.swift; path = AppDelegate.swift; sourceTree = "<group>"; };
		9B90F95B2451B9B40051A882 /* SceneDelegate.swift */ = {isa = PBXFileReference; lastKnownFileType = sourcecode.swift; path = SceneDelegate.swift; sourceTree = "<group>"; };
		9B90F95D2451B9B40051A882 /* ViewController.swift */ = {isa = PBXFileReference; lastKnownFileType = sourcecode.swift; path = ViewController.swift; sourceTree = "<group>"; };
		9B90F9602451B9B40051A882 /* Base */ = {isa = PBXFileReference; lastKnownFileType = file.storyboard; name = Base; path = Base.lproj/Main.storyboard; sourceTree = "<group>"; };
		9B90F9622451B9B80051A882 /* Assets.xcassets */ = {isa = PBXFileReference; lastKnownFileType = folder.assetcatalog; path = Assets.xcassets; sourceTree = "<group>"; };
		9B90F9652451B9B80051A882 /* Base */ = {isa = PBXFileReference; lastKnownFileType = file.storyboard; name = Base; path = Base.lproj/LaunchScreen.storyboard; sourceTree = "<group>"; };
		9B90F9672451B9B80051A882 /* Info.plist */ = {isa = PBXFileReference; lastKnownFileType = text.plist.xml; path = Info.plist; sourceTree = "<group>"; };
		9B90F96C2451B9B80051A882 /* PolynomialRegressionCalcTests.xctest */ = {isa = PBXFileReference; explicitFileType = wrapper.cfbundle; includeInIndex = 0; path = PolynomialRegressionCalcTests.xctest; sourceTree = BUILT_PRODUCTS_DIR; };
		9B90F9702451B9B80051A882 /* PolynomialRegressionCalcTests.swift */ = {isa = PBXFileReference; lastKnownFileType = sourcecode.swift; path = PolynomialRegressionCalcTests.swift; sourceTree = "<group>"; };
		9B90F9722451B9B80051A882 /* Info.plist */ = {isa = PBXFileReference; lastKnownFileType = text.plist.xml; path = Info.plist; sourceTree = "<group>"; };
		9B90F97B2451B9E80051A882 /* PolynomialRegressionCalculator.swift */ = {isa = PBXFileReference; lastKnownFileType = sourcecode.swift; path = PolynomialRegressionCalculator.swift; sourceTree = "<group>"; };
/* End PBXFileReference section */

/* Begin PBXFrameworksBuildPhase section */
		9B90F9532451B9B40051A882 /* Frameworks */ = {
			isa = PBXFrameworksBuildPhase;
			buildActionMask = 2147483647;
			files = (
			);
			runOnlyForDeploymentPostprocessing = 0;
		};
		9B90F9692451B9B80051A882 /* Frameworks */ = {
			isa = PBXFrameworksBuildPhase;
			buildActionMask = 2147483647;
			files = (
			);
			runOnlyForDeploymentPostprocessing = 0;
		};
/* End PBXFrameworksBuildPhase section */

/* Begin PBXGroup section */
		9B90F94D2451B9B40051A882 = {
			isa = PBXGroup;
			children = (
				9B90F9582451B9B40051A882 /* PolynomialRegressionCalc */,
				9B90F96F2451B9B80051A882 /* PolynomialRegressionCalcTests */,
				9B90F9572451B9B40051A882 /* Products */,
			);
			sourceTree = "<group>";
		};
		9B90F9572451B9B40051A882 /* Products */ = {
			isa = PBXGroup;
			children = (
				9B90F9562451B9B40051A882 /* PolynomialRegressionCalc.app */,
				9B90F96C2451B9B80051A882 /* PolynomialRegressionCalcTests.xctest */,
			);
			name = Products;
			sourceTree = "<group>";
		};
		9B90F9582451B9B40051A882 /* PolynomialRegressionCalc */ = {
			isa = PBXGroup;
			children = (
				9B90F9592451B9B40051A882 /* AppDelegate.swift */,
				9B90F95B2451B9B40051A882 /* SceneDelegate.swift */,
				9B90F95D2451B9B40051A882 /* ViewController.swift */,
				9B90F97B2451B9E80051A882 /* PolynomialRegressionCalculator.swift */,
				9B90F95F2451B9B40051A882 /* Main.storyboard */,
				9B90F9622451B9B80051A882 /* Assets.xcassets */,
				9B90F9642451B9B80051A882 /* LaunchScreen.storyboard */,
				9B90F9672451B9B80051A882 /* Info.plist */,
			);
			path = PolynomialRegressionCalc;
			sourceTree = "<group>";
		};
		9B90F96F2451B9B80051A882 /* PolynomialRegressionCalcTests */ = {
			isa = PBXGroup;
			children = (
				9B90F9702451B9B80051A882 /* PolynomialRegressionCalcTests.swift */,
				9B90F9722451B9B80051A882 /* Info.plist */,
			);
			path = PolynomialRegressionCalcTests;
			sourceTree = "<group>";
		};
/* End PBXGroup section */

/* Begin PBXNativeTarget section */
		9B90F9552451B9B40051A882 /* PolynomialRegressionCalc */ = {
			isa = PBXNativeTarget;
			buildConfigurationList = 9B90F9752451B9B80051A882 /* Build configuration list for PBXNativeTarget "PolynomialRegressionCalc" */;
			buildPhases = (
				9B90F9522451B9B40051A882 /* Sources */,
				9B90F9532451B9B40051A882 /* Frameworks */,
				9B90F9542451B9B40051A882 /* Resources */,
			);
			buildRules = (
			);
			dependencies = (
			);
			name = PolynomialRegressionCalc;
			productName = PolynomialRegressionCalc;
			productReference = 9B90F9562451B9B40051A882 /* PolynomialRegressionCalc.app */;
			productType = "com.apple.product-type.application";
		};
		9B90F96B2451B9B80051A882 /* PolynomialRegressionCalcTests */ = {
			isa = PBXNativeTarget;
			buildConfigurationList = 9B90F9782451B9B80051A882 /* Build configuration list for PBXNativeTarget "PolynomialRegressionCalcTests" */;
			buildPhases = (
				9B90F9682451B9B80051A882 /* Sources */,
				9B90F9692451B9B80051A882 /* Frameworks */,
				9B90F96A2451B9B80051A882 /* Resources */,
			);
			buildRules = (
			);
			dependencies = (
				9B90F96E2451B9B80051A882 /* PBXTargetDependency */,
			);
			name = PolynomialRegressionCalcTests;
			productName = PolynomialRegressionCalcTests;
			productReference = 9B90F96C2451B9B80051A882 /* PolynomialRegressionCalcTests.xctest */;
			productType = "com.apple.product-type.bundle.unit-test";
		};
/* End PBXNativeTarget section */

/* Begin PBXProject section */
		9B90F94E2451B9B40051A882 /* Project object */ = {
			isa = PBXProject;
			attributes = {
				LastSwiftUpdateCheck = 1140;
				LastUpgradeCheck = 1140;
				ORGANIZATIONNAME = "Rob Baldwin";
				TargetAttributes = {
					9B90F9552451B9B40051A882 = {
						CreatedOnToolsVersion = 11.4;
					};
					9B90F96B2451B9B80051A882 = {
						CreatedOnToolsVersion = 11.4;
						TestTargetID = 9B90F9552451B9B40051A882;
					};
				};
			};
			buildConfigurationList = 9B90F9512451B9B40051A882 /* Build configuration list for PBXProject "PolynomialRegressionCalc" */;
			compatibilityVersion = "Xcode 9.3";
			developmentRegion = en;
			hasScannedForEncodings = 0;
			knownRegions = (
				en,
				Base,
			);
			mainGroup = 9B90F94D2451B9B40051A882;
			productRefGroup = 9B90F9572451B9B40051A882 /* Products */;
			projectDirPath = "";
			projectRoot = "";
			targets = (
				9B90F9552451B9B40051A882 /* PolynomialRegressionCalc */,
				9B90F96B2451B9B80051A882 /* PolynomialRegressionCalcTests */,
			);
		};
/* End PBXProject section */

/* Begin PBXResourcesBuildPhase section */
		9B90F9542451B9B40051A882 /* Resources */ = {
			isa = PBXResourcesBuildPhase;
			buildActionMask = 2147483647;
			files = (
				9B90F9662451B9B80051A882 /* LaunchScreen.storyboard in Resources */,
				9B90F9632451B9B80051A882 /* Assets.xcassets in Resources */,
				9B90F9612451B9B40051A882 /* Main.storyboard in Resources */,
			);
			runOnlyForDeploymentPostprocessing = 0;
		};
		9B90F96A2451B9B80051A882 /* Resources */ = {
			isa = PBXResourcesBuildPhase;
			buildActionMask = 2147483647;
			files = (
			);
			runOnlyForDeploymentPostprocessing = 0;
		};
/* End PBXResourcesBuildPhase section */

/* Begin PBXSourcesBuildPhase section */
		9B90F9522451B9B40051A882 /* Sources */ = {
			isa = PBXSourcesBuildPhase;
			buildActionMask = 2147483647;
			files = (
				9B90F95E2451B9B40051A882 /* ViewController.swift in Sources */,
				9B90F95A2451B9B40051A882 /* AppDelegate.swift in Sources */,
				9B90F97C2451B9E80051A882 /* PolynomialRegressionCalculator.swift in Sources */,
				9B90F95C2451B9B40051A882 /* SceneDelegate.swift in Sources */,
			);
			runOnlyForDeploymentPostprocessing = 0;
		};
		9B90F9682451B9B80051A882 /* Sources */ = {
			isa = PBXSourcesBuildPhase;
			buildActionMask = 2147483647;
			files = (
				9B90F9712451B9B80051A882 /* PolynomialRegressionCalcTests.swift in Sources */,
			);
			runOnlyForDeploymentPostprocessing = 0;
		};
/* End PBXSourcesBuildPhase section */

/* Begin PBXTargetDependency section */
		9B90F96E2451B9B80051A882 /* PBXTargetDependency */ = {
			isa = PBXTargetDependency;
			target = 9B90F9552451B9B40051A882 /* PolynomialRegressionCalc */;
			targetProxy = 9B90F96D2451B9B80051A882 /* PBXContainerItemProxy */;
		};
/* End PBXTargetDependency section */

/* Begin PBXVariantGroup section */
		9B90F95F2451B9B40051A882 /* Main.storyboard */ = {
			isa = PBXVariantGroup;
			children = (
				9B90F9602451B9B40051A882 /* Base */,
			);
			name = Main.storyboard;
			sourceTree = "<group>";
		};
		9B90F9642451B9B80051A882 /* LaunchScreen.storyboard */ = {
			isa = PBXVariantGroup;
			children = (
				9B90F9652451B9B80051A882 /* Base */,
			);
			name = LaunchScreen.storyboard;
			sourceTree = "<group>";
		};
/* End PBXVariantGroup section */

/* Begin XCBuildConfiguration section */
		9B90F9732451B9B80051A882 /* Debug */ = {
			isa = XCBuildConfiguration;
			buildSettings = {
				ALWAYS_SEARCH_USER_PATHS = NO;
				CLANG_ANALYZER_NONNULL = YES;
				CLANG_ANALYZER_NUMBER_OBJECT_CONVERSION = YES_AGGRESSIVE;
				CLANG_CXX_LANGUAGE_STANDARD = "gnu++14";
				CLANG_CXX_LIBRARY = "libc++";
				CLANG_ENABLE_MODULES = YES;
				CLANG_ENABLE_OBJC_ARC = YES;
				CLANG_ENABLE_OBJC_WEAK = YES;
				CLANG_WARN_BLOCK_CAPTURE_AUTORELEASING = YES;
				CLANG_WARN_BOOL_CONVERSION = YES;
				CLANG_WARN_COMMA = YES;
				CLANG_WARN_CONSTANT_CONVERSION = YES;
				CLANG_WARN_DEPRECATED_OBJC_IMPLEMENTATIONS = YES;
				CLANG_WARN_DIRECT_OBJC_ISA_USAGE = YES_ERROR;
				CLANG_WARN_DOCUMENTATION_COMMENTS = YES;
				CLANG_WARN_EMPTY_BODY = YES;
				CLANG_WARN_ENUM_CONVERSION = YES;
				CLANG_WARN_INFINITE_RECURSION = YES;
				CLANG_WARN_INT_CONVERSION = YES;
				CLANG_WARN_NON_LITERAL_NULL_CONVERSION = YES;
				CLANG_WARN_OBJC_IMPLICIT_RETAIN_SELF = YES;
				CLANG_WARN_OBJC_LITERAL_CONVERSION = YES;
				CLANG_WARN_OBJC_ROOT_CLASS = YES_ERROR;
				CLANG_WARN_RANGE_LOOP_ANALYSIS = YES;
				CLANG_WARN_STRICT_PROTOTYPES = YES;
				CLANG_WARN_SUSPICIOUS_MOVE = YES;
				CLANG_WARN_UNGUARDED_AVAILABILITY = YES_AGGRESSIVE;
				CLANG_WARN_UNREACHABLE_CODE = YES;
				CLANG_WARN__DUPLICATE_METHOD_MATCH = YES;
				COPY_PHASE_STRIP = NO;
				DEBUG_INFORMATION_FORMAT = dwarf;
				ENABLE_STRICT_OBJC_MSGSEND = YES;
				ENABLE_TESTABILITY = YES;
				GCC_C_LANGUAGE_STANDARD = gnu11;
				GCC_DYNAMIC_NO_PIC = NO;
				GCC_NO_COMMON_BLOCKS = YES;
				GCC_OPTIMIZATION_LEVEL = 0;
				GCC_PREPROCESSOR_DEFINITIONS = (
					"DEBUG=1",
					"$(inherited)",
				);
				GCC_WARN_64_TO_32_BIT_CONVERSION = YES;
				GCC_WARN_ABOUT_RETURN_TYPE = YES_ERROR;
				GCC_WARN_UNDECLARED_SELECTOR = YES;
				GCC_WARN_UNINITIALIZED_AUTOS = YES_AGGRESSIVE;
				GCC_WARN_UNUSED_FUNCTION = YES;
				GCC_WARN_UNUSED_VARIABLE = YES;
				IPHONEOS_DEPLOYMENT_TARGET = 13.4;
				MTL_ENABLE_DEBUG_INFO = INCLUDE_SOURCE;
				MTL_FAST_MATH = YES;
				ONLY_ACTIVE_ARCH = YES;
				SDKROOT = iphoneos;
				SWIFT_ACTIVE_COMPILATION_CONDITIONS = DEBUG;
				SWIFT_OPTIMIZATION_LEVEL = "-Onone";
			};
			name = Debug;
		};
		9B90F9742451B9B80051A882 /* Release */ = {
			isa = XCBuildConfiguration;
			buildSettings = {
				ALWAYS_SEARCH_USER_PATHS = NO;
				CLANG_ANALYZER_NONNULL = YES;
				CLANG_ANALYZER_NUMBER_OBJECT_CONVERSION = YES_AGGRESSIVE;
				CLANG_CXX_LANGUAGE_STANDARD = "gnu++14";
				CLANG_CXX_LIBRARY = "libc++";
				CLANG_ENABLE_MODULES = YES;
				CLANG_ENABLE_OBJC_ARC = YES;
				CLANG_ENABLE_OBJC_WEAK = YES;
				CLANG_WARN_BLOCK_CAPTURE_AUTORELEASING = YES;
				CLANG_WARN_BOOL_CONVERSION = YES;
				CLANG_WARN_COMMA = YES;
				CLANG_WARN_CONSTANT_CONVERSION = YES;
				CLANG_WARN_DEPRECATED_OBJC_IMPLEMENTATIONS = YES;
				CLANG_WARN_DIRECT_OBJC_ISA_USAGE = YES_ERROR;
				CLANG_WARN_DOCUMENTATION_COMMENTS = YES;
				CLANG_WARN_EMPTY_BODY = YES;
				CLANG_WARN_ENUM_CONVERSION = YES;
				CLANG_WARN_INFINITE_RECURSION = YES;
				CLANG_WARN_INT_CONVERSION = YES;
				CLANG_WARN_NON_LITERAL_NULL_CONVERSION = YES;
				CLANG_WARN_OBJC_IMPLICIT_RETAIN_SELF = YES;
				CLANG_WARN_OBJC_LITERAL_CONVERSION = YES;
				CLANG_WARN_OBJC_ROOT_CLASS = YES_ERROR;
				CLANG_WARN_RANGE_LOOP_ANALYSIS = YES;
				CLANG_WARN_STRICT_PROTOTYPES = YES;
				CLANG_WARN_SUSPICIOUS_MOVE = YES;
				CLANG_WARN_UNGUARDED_AVAILABILITY = YES_AGGRESSIVE;
				CLANG_WARN_UNREACHABLE_CODE = YES;
				CLANG_WARN__DUPLICATE_METHOD_MATCH = YES;
				COPY_PHASE_STRIP = NO;
				DEBUG_INFORMATION_FORMAT = "dwarf-with-dsym";
				ENABLE_NS_ASSERTIONS = NO;
				ENABLE_STRICT_OBJC_MSGSEND = YES;
				GCC_C_LANGUAGE_STANDARD = gnu11;
				GCC_NO_COMMON_BLOCKS = YES;
				GCC_WARN_64_TO_32_BIT_CONVERSION = YES;
				GCC_WARN_ABOUT_RETURN_TYPE = YES_ERROR;
				GCC_WARN_UNDECLARED_SELECTOR = YES;
				GCC_WARN_UNINITIALIZED_AUTOS = YES_AGGRESSIVE;
				GCC_WARN_UNUSED_FUNCTION = YES;
				GCC_WARN_UNUSED_VARIABLE = YES;
				IPHONEOS_DEPLOYMENT_TARGET = 13.4;
				MTL_ENABLE_DEBUG_INFO = NO;
				MTL_FAST_MATH = YES;
				SDKROOT = iphoneos;
				SWIFT_COMPILATION_MODE = wholemodule;
				SWIFT_OPTIMIZATION_LEVEL = "-O";
				VALIDATE_PRODUCT = YES;
			};
			name = Release;
		};
		9B90F9762451B9B80051A882 /* Debug */ = {
			isa = XCBuildConfiguration;
			buildSettings = {
				ASSETCATALOG_COMPILER_APPICON_NAME = AppIcon;
				CODE_SIGN_STYLE = Automatic;
				DEVELOPMENT_TEAM = 47UHAV43Z9;
				INFOPLIST_FILE = PolynomialRegressionCalc/Info.plist;
				LD_RUNPATH_SEARCH_PATHS = (
					"$(inherited)",
					"@executable_path/Frameworks",
				);
				PRODUCT_BUNDLE_IDENTIFIER = com.robbaldwin.PolynomialRegressionCalc;
				PRODUCT_NAME = "$(TARGET_NAME)";
				SWIFT_VERSION = 5.0;
				TARGETED_DEVICE_FAMILY = "1,2";
			};
			name = Debug;
		};
		9B90F9772451B9B80051A882 /* Release */ = {
			isa = XCBuildConfiguration;
			buildSettings = {
				ASSETCATALOG_COMPILER_APPICON_NAME = AppIcon;
				CODE_SIGN_STYLE = Automatic;
				DEVELOPMENT_TEAM = 47UHAV43Z9;
				INFOPLIST_FILE = PolynomialRegressionCalc/Info.plist;
				LD_RUNPATH_SEARCH_PATHS = (
					"$(inherited)",
					"@executable_path/Frameworks",
				);
				PRODUCT_BUNDLE_IDENTIFIER = com.robbaldwin.PolynomialRegressionCalc;
				PRODUCT_NAME = "$(TARGET_NAME)";
				SWIFT_VERSION = 5.0;
				TARGETED_DEVICE_FAMILY = "1,2";
			};
			name = Release;
		};
		9B90F9792451B9B80051A882 /* Debug */ = {
			isa = XCBuildConfiguration;
			buildSettings = {
				ALWAYS_EMBED_SWIFT_STANDARD_LIBRARIES = YES;
				BUNDLE_LOADER = "$(TEST_HOST)";
				CODE_SIGN_STYLE = Automatic;
				DEVELOPMENT_TEAM = 47UHAV43Z9;
				INFOPLIST_FILE = PolynomialRegressionCalcTests/Info.plist;
				IPHONEOS_DEPLOYMENT_TARGET = 13.4;
				LD_RUNPATH_SEARCH_PATHS = (
					"$(inherited)",
					"@executable_path/Frameworks",
					"@loader_path/Frameworks",
				);
				PRODUCT_BUNDLE_IDENTIFIER = com.robbaldwin.PolynomialRegressionCalcTests;
				PRODUCT_NAME = "$(TARGET_NAME)";
				SWIFT_VERSION = 5.0;
				TARGETED_DEVICE_FAMILY = "1,2";
				TEST_HOST = "$(BUILT_PRODUCTS_DIR)/PolynomialRegressionCalc.app/PolynomialRegressionCalc";
			};
			name = Debug;
		};
		9B90F97A2451B9B80051A882 /* Release */ = {
			isa = XCBuildConfiguration;
			buildSettings = {
				ALWAYS_EMBED_SWIFT_STANDARD_LIBRARIES = YES;
				BUNDLE_LOADER = "$(TEST_HOST)";
				CODE_SIGN_STYLE = Automatic;
				DEVELOPMENT_TEAM = 47UHAV43Z9;
				INFOPLIST_FILE = PolynomialRegressionCalcTests/Info.plist;
				IPHONEOS_DEPLOYMENT_TARGET = 13.4;
				LD_RUNPATH_SEARCH_PATHS = (
					"$(inherited)",
					"@executable_path/Frameworks",
					"@loader_path/Frameworks",
				);
				PRODUCT_BUNDLE_IDENTIFIER = com.robbaldwin.PolynomialRegressionCalcTests;
				PRODUCT_NAME = "$(TARGET_NAME)";
				SWIFT_VERSION = 5.0;
				TARGETED_DEVICE_FAMILY = "1,2";
				TEST_HOST = "$(BUILT_PRODUCTS_DIR)/PolynomialRegressionCalc.app/PolynomialRegressionCalc";
			};
			name = Release;
		};
/* End XCBuildConfiguration section */

/* Begin XCConfigurationList section */
		9B90F9512451B9B40051A882 /* Build configuration list for PBXProject "PolynomialRegressionCalc" */ = {
			isa = XCConfigurationList;
			buildConfigurations = (
				9B90F9732451B9B80051A882 /* Debug */,
				9B90F9742451B9B80051A882 /* Release */,
			);
			defaultConfigurationIsVisible = 0;
			defaultConfigurationName = Release;
		};
		9B90F9752451B9B80051A882 /* Build configuration list for PBXNativeTarget "PolynomialRegressionCalc" */ = {
			isa = XCConfigurationList;
			buildConfigurations = (
				9B90F9762451B9B80051A882 /* Debug */,
				9B90F9772451B9B80051A882 /* Release */,
			);
			defaultConfigurationIsVisible = 0;
			defaultConfigurationName = Release;
		};
		9B90F9782451B9B80051A882 /* Build configuration list for PBXNativeTarget "PolynomialRegressionCalcTests" */ = {
			isa = XCConfigurationList;
			buildConfigurations = (
				9B90F9792451B9B80051A882 /* Debug */,
				9B90F97A2451B9B80051A882 /* Release */,
			);
			defaultConfigurationIsVisible = 0;
			defaultConfigurationName = Release;
		};
/* End XCConfigurationList section */
	};
	rootObject = 9B90F94E2451B9B40051A882 /* Project object */;
}
